[0m[1mdata.aws_ami.latest-ubuntu: Reading...[0m[0m
[0m[1maws_security_group.sg1: Refreshing state... [id=sg-027ada772aafd2e8d][0m
[0m[1mdata.aws_ami.latest-ubuntu: Read complete after 1s [id=ami-04ab94c703fb30101][0m
[0m[1maws_instance.mongo: Refreshing state... [id=i-070e78e8311a0432b][0m

Terraform used the selected providers to generate the following execution
plan. Resource actions are indicated with the following symbols:
[31m-[0m/[32m+[0m destroy and then create replacement[0m

Terraform will perform the following actions:

[1m  # aws_instance.mongo[0m is tainted, so must be [1m[31mreplaced[0m
[0m[31m-[0m/[32m+[0m[0m resource "aws_instance" "mongo" {
      [33m~[0m[0m arn                                  = "arn:aws:ec2:us-east-1:681476270348:instance/i-070e78e8311a0432b" -> (known after apply)
      [33m~[0m[0m associate_public_ip_address          = true -> (known after apply)
      [33m~[0m[0m availability_zone                    = "us-east-1b" -> (known after apply)
      [33m~[0m[0m cpu_core_count                       = 1 -> (known after apply)
      [33m~[0m[0m cpu_threads_per_core                 = 2 -> (known after apply)
      [33m~[0m[0m disable_api_stop                     = false -> (known after apply)
      [33m~[0m[0m disable_api_termination              = false -> (known after apply)
      [33m~[0m[0m ebs_optimized                        = false -> (known after apply)
      [31m-[0m[0m hibernation                          = false [90m-> null[0m[0m
      [32m+[0m[0m host_id                              = (known after apply)
      [32m+[0m[0m host_resource_group_arn              = (known after apply)
      [32m+[0m[0m iam_instance_profile                 = (known after apply)
      [33m~[0m[0m id                                   = "i-070e78e8311a0432b" -> (known after apply)
      [33m~[0m[0m instance_initiated_shutdown_behavior = "stop" -> (known after apply)
      [32m+[0m[0m instance_lifecycle                   = (known after apply)
      [33m~[0m[0m instance_state                       = "running" -> (known after apply)
      [33m~[0m[0m ipv6_address_count                   = 0 -> (known after apply)
      [33m~[0m[0m ipv6_addresses                       = [] -> (known after apply)
      [33m~[0m[0m monitoring                           = false -> (known after apply)
      [32m+[0m[0m outpost_arn                          = (known after apply)
      [32m+[0m[0m password_data                        = (known after apply)
      [32m+[0m[0m placement_group                      = (known after apply)
      [33m~[0m[0m placement_partition_number           = 0 -> (known after apply)
      [33m~[0m[0m primary_network_interface_id         = "eni-0478f01f1b2a711ff" -> (known after apply)
      [33m~[0m[0m private_dns                          = "ip-172-31-11-36.ec2.internal" -> (known after apply)
      [33m~[0m[0m private_ip                           = "172.31.11.36" -> (known after apply)
      [33m~[0m[0m public_dns                           = "ec2-34-207-249-220.compute-1.amazonaws.com" -> (known after apply)
      [33m~[0m[0m public_ip                            = "34.207.249.220" -> (known after apply)
      [33m~[0m[0m secondary_private_ips                = [] -> (known after apply)
      [32m+[0m[0m spot_instance_request_id             = (known after apply)
      [33m~[0m[0m subnet_id                            = "subnet-de7f4198" -> (known after apply)
        tags                                 = {
            "Name" = "mongo"
        }
      [33m~[0m[0m tenancy                              = "default" -> (known after apply)
      [32m+[0m[0m user_data_base64                     = (known after apply)
      [33m~[0m[0m vpc_security_group_ids               = [
          [31m-[0m[0m "sg-027ada772aafd2e8d",
        ] -> (known after apply)
        [90m# (9 unchanged attributes hidden)[0m[0m

      [31m-[0m[0m capacity_reservation_specification {
          [31m-[0m[0m capacity_reservation_preference = "open" [90m-> null[0m[0m
        }

      [31m-[0m[0m cpu_options {
          [31m-[0m[0m core_count       = 1 [90m-> null[0m[0m
          [31m-[0m[0m threads_per_core = 2 [90m-> null[0m[0m
        }

      [31m-[0m[0m credit_specification {
          [31m-[0m[0m cpu_credits = "unlimited" [90m-> null[0m[0m
        }

      [31m-[0m[0m enclave_options {
          [31m-[0m[0m enabled = false [90m-> null[0m[0m
        }

      [31m-[0m[0m maintenance_options {
          [31m-[0m[0m auto_recovery = "default" [90m-> null[0m[0m
        }

      [31m-[0m[0m metadata_options {
          [31m-[0m[0m http_endpoint               = "enabled" [90m-> null[0m[0m
          [31m-[0m[0m http_protocol_ipv6          = "disabled" [90m-> null[0m[0m
          [31m-[0m[0m http_put_response_hop_limit = 1 [90m-> null[0m[0m
          [31m-[0m[0m http_tokens                 = "optional" [90m-> null[0m[0m
          [31m-[0m[0m instance_metadata_tags      = "disabled" [90m-> null[0m[0m
        }

      [31m-[0m[0m private_dns_name_options {
          [31m-[0m[0m enable_resource_name_dns_a_record    = false [90m-> null[0m[0m
          [31m-[0m[0m enable_resource_name_dns_aaaa_record = false [90m-> null[0m[0m
          [31m-[0m[0m hostname_type                        = "ip-name" [90m-> null[0m[0m
        }

      [31m-[0m[0m root_block_device {
          [31m-[0m[0m delete_on_termination = true [90m-> null[0m[0m
          [31m-[0m[0m device_name           = "/dev/sda1" [90m-> null[0m[0m
          [31m-[0m[0m encrypted             = false [90m-> null[0m[0m
          [31m-[0m[0m iops                  = 100 [90m-> null[0m[0m
          [31m-[0m[0m tags                  = {} [90m-> null[0m[0m
          [31m-[0m[0m throughput            = 0 [90m-> null[0m[0m
          [31m-[0m[0m volume_id             = "vol-01cdceff7337c31db" [90m-> null[0m[0m
          [31m-[0m[0m volume_size           = 8 [90m-> null[0m[0m
          [31m-[0m[0m volume_type           = "gp2" [90m-> null[0m[0m
        }
    }

[1mPlan:[0m 1 to add, 0 to change, 1 to destroy.
[0m
Changes to Outputs:
  [33m~[0m[0m instance_id  = "i-070e78e8311a0432b" -> (known after apply)
  [33m~[0m[0m public_ip    = "34.207.249.220" -> (known after apply)
  [33m~[0m[0m ssh_command  = "ssh ubuntu@34.207.249.220" -> (known after apply)
  [33m~[0m[0m ssh_command2 = "ssh ubuntu@34.207.249.220 sudo tail -f /var/log/cloud*" -> (known after apply)
[0m[1maws_instance.mongo: Destroying... [id=i-070e78e8311a0432b][0m[0m
[0m[1maws_instance.mongo: Still destroying... [id=i-070e78e8311a0432b, 10s elapsed][0m[0m
[0m[1maws_instance.mongo: Still destroying... [id=i-070e78e8311a0432b, 20s elapsed][0m[0m
[0m[1maws_instance.mongo: Still destroying... [id=i-070e78e8311a0432b, 30s elapsed][0m[0m
[0m[1maws_instance.mongo: Still destroying... [id=i-070e78e8311a0432b, 40s elapsed][0m[0m
[0m[1maws_instance.mongo: Still destroying... [id=i-070e78e8311a0432b, 50s elapsed][0m[0m
[0m[1maws_instance.mongo: Still destroying... [id=i-070e78e8311a0432b, 1m0s elapsed][0m[0m
[0m[1maws_instance.mongo: Destruction complete after 1m1s[0m
[0m[1maws_instance.mongo: Creating...[0m[0m
[0m[1maws_instance.mongo: Still creating... [10s elapsed][0m[0m
[0m[1maws_instance.mongo: Creation complete after 13s [id=i-0f42bfec27cb62127][0m
[0m[1m[32m
Apply complete! Resources: 1 added, 0 changed, 1 destroyed.
[0m[0m[1m[32m
Outputs:

[0minstance_id = "i-0f42bfec27cb62127"
public_ip = "3.92.142.214"
ssh_command = "ssh ubuntu@3.92.142.214"
ssh_command2 = "ssh ubuntu@3.92.142.214 sudo tail -f /var/log/cloud*"
